// !$*UTF8*$!
{
	archiveVersion = 1;
	classes = {
	};
	objectVersion = 56;
	objects = {

/* Begin PBXBuildFile section */
		C22EB7F129910BD400D94463 /* AddDayView.swift in Sources */ = {isa = PBXBuildFile; fileRef = C22EB7F029910BD400D94463 /* AddDayView.swift */; };
		C22EB7F329910BEA00D94463 /* AddActivityView.swift in Sources */ = {isa = PBXBuildFile; fileRef = C22EB7F229910BEA00D94463 /* AddActivityView.swift */; };
		C22EB7F829910CEB00D94463 /* PopUpViewButtonsModifier.swift in Sources */ = {isa = PBXBuildFile; fileRef = C22EB7F729910CEB00D94463 /* PopUpViewButtonsModifier.swift */; };
		C22EB7FA299135EE00D94463 /* ImagePicker.swift in Sources */ = {isa = PBXBuildFile; fileRef = C22EB7F9299135EE00D94463 /* ImagePicker.swift */; };
		C22EB7FC29926CB500D94463 /* AddTripView.swift in Sources */ = {isa = PBXBuildFile; fileRef = C22EB7FB29926CB500D94463 /* AddTripView.swift */; };
		C22EB7FE2992792600D94463 /* PlusButtonModifier.swift in Sources */ = {isa = PBXBuildFile; fileRef = C22EB7FD2992792600D94463 /* PlusButtonModifier.swift */; };
		C22EB8032992847900D94463 /* AddViewsModifier.swift in Sources */ = {isa = PBXBuildFile; fileRef = C22EB8022992847900D94463 /* AddViewsModifier.swift */; };
		C22EB8052992979000D94463 /* TextFieldModifier.swift in Sources */ = {isa = PBXBuildFile; fileRef = C22EB8042992979000D94463 /* TextFieldModifier.swift */; };
		C22EB8092993905700D94463 /* DateExtension.swift in Sources */ = {isa = PBXBuildFile; fileRef = C22EB8082993905700D94463 /* DateExtension.swift */; };
		C22EB80C299395E600D94463 /* TripsData.swift in Sources */ = {isa = PBXBuildFile; fileRef = C22EB80B299395E600D94463 /* TripsData.swift */; };
		C22EB80E2993B40500D94463 /* ViewTransitionExtension.swift in Sources */ = {isa = PBXBuildFile; fileRef = C22EB80D2993B40500D94463 /* ViewTransitionExtension.swift */; };
		C25CAF5C29AE3E5E009A35F9 /* ActivityRowView.swift in Sources */ = {isa = PBXBuildFile; fileRef = C25CAF5B29AE3E5E009A35F9 /* ActivityRowView.swift */; };
		C25D8C65298D03070035B7ED /* SwiftUI_CoreDataApp.swift in Sources */ = {isa = PBXBuildFile; fileRef = C25D8C64298D03070035B7ED /* SwiftUI_CoreDataApp.swift */; };
		C25D8C67298D03070035B7ED /* TripsView.swift in Sources */ = {isa = PBXBuildFile; fileRef = C25D8C66298D03070035B7ED /* TripsView.swift */; };
		C25D8C69298D03090035B7ED /* Assets.xcassets in Resources */ = {isa = PBXBuildFile; fileRef = C25D8C68298D03090035B7ED /* Assets.xcassets */; };
		C25D8C6C298D03090035B7ED /* Preview Assets.xcassets in Resources */ = {isa = PBXBuildFile; fileRef = C25D8C6B298D03090035B7ED /* Preview Assets.xcassets */; };
		C25D8C74298D03E50035B7ED /* Color.xcassets in Resources */ = {isa = PBXBuildFile; fileRef = C25D8C73298D03E50035B7ED /* Color.xcassets */; };
		C25D8C79298D0F830035B7ED /* Oswald-Regular.ttf in Resources */ = {isa = PBXBuildFile; fileRef = C25D8C75298D0F830035B7ED /* Oswald-Regular.ttf */; };
		C25D8C7A298D0F830035B7ED /* Bitter-Bold.ttf in Resources */ = {isa = PBXBuildFile; fileRef = C25D8C76298D0F830035B7ED /* Bitter-Bold.ttf */; };
		C25D8C7B298D0F830035B7ED /* Lobster-Regular.ttf in Resources */ = {isa = PBXBuildFile; fileRef = C25D8C77298D0F830035B7ED /* Lobster-Regular.ttf */; };
		C25D8C7C298D0F830035B7ED /* Bitter-Regular.ttf in Resources */ = {isa = PBXBuildFile; fileRef = C25D8C78298D0F830035B7ED /* Bitter-Regular.ttf */; };
		C25D8C7F298D16870035B7ED /* Theme.swift in Sources */ = {isa = PBXBuildFile; fileRef = C25D8C7E298D16860035B7ED /* Theme.swift */; };
		C25D8C81298D183D0035B7ED /* ActivitiesView.swift in Sources */ = {isa = PBXBuildFile; fileRef = C25D8C80298D183D0035B7ED /* ActivitiesView.swift */; };
		C25D8C86298D1C100035B7ED /* SwiftUI+CoreData.xcdatamodeld in Sources */ = {isa = PBXBuildFile; fileRef = C25D8C84298D1C100035B7ED /* SwiftUI+CoreData.xcdatamodeld */; };
		C25D8C94298D1F5B0035B7ED /* ActivityTypeEnum.swift in Sources */ = {isa = PBXBuildFile; fileRef = C25D8C93298D1F5B0035B7ED /* ActivityTypeEnum.swift */; };
		C25D8C99298D20A30035B7ED /* TripFunctions.swift in Sources */ = {isa = PBXBuildFile; fileRef = C25D8C98298D20A30035B7ED /* TripFunctions.swift */; };
		C25D8C9B298D20AE0035B7ED /* DayFunctions.swift in Sources */ = {isa = PBXBuildFile; fileRef = C25D8C9A298D20AE0035B7ED /* DayFunctions.swift */; };
		C25D8C9D298D20BE0035B7ED /* ActivityFunctions.swift in Sources */ = {isa = PBXBuildFile; fileRef = C25D8C9C298D20BE0035B7ED /* ActivityFunctions.swift */; };
		C25D8C9F298D25490035B7ED /* CoreDataStack.swift in Sources */ = {isa = PBXBuildFile; fileRef = C25D8C9E298D25490035B7ED /* CoreDataStack.swift */; };
		C29B996C2993C82600441788 /* TODO.swift in Sources */ = {isa = PBXBuildFile; fileRef = C29B996B2993C82600441788 /* TODO.swift */; };
		C29B996E2993E7BB00441788 /* TripsListRow.swift in Sources */ = {isa = PBXBuildFile; fileRef = C29B996D2993E7BB00441788 /* TripsListRow.swift */; };
		C2E43D5D29A39DA800A2C4F1 /* ImagePickerWithCrop.swift in Sources */ = {isa = PBXBuildFile; fileRef = C2E43D5C29A39DA800A2C4F1 /* ImagePickerWithCrop.swift */; };
		C2E43D6429A4CE2A00A2C4F1 /* DayModel+CoreDataClass.swift in Sources */ = {isa = PBXBuildFile; fileRef = C2E43D5E29A4CE2A00A2C4F1 /* DayModel+CoreDataClass.swift */; };
		C2E43D6529A4CE2A00A2C4F1 /* DayModel+CoreDataProperties.swift in Sources */ = {isa = PBXBuildFile; fileRef = C2E43D5F29A4CE2A00A2C4F1 /* DayModel+CoreDataProperties.swift */; };
		C2E43D6629A4CE2A00A2C4F1 /* TripModel+CoreDataClass.swift in Sources */ = {isa = PBXBuildFile; fileRef = C2E43D6029A4CE2A00A2C4F1 /* TripModel+CoreDataClass.swift */; };
		C2E43D6729A4CE2A00A2C4F1 /* TripModel+CoreDataProperties.swift in Sources */ = {isa = PBXBuildFile; fileRef = C2E43D6129A4CE2A00A2C4F1 /* TripModel+CoreDataProperties.swift */; };
		C2E43D6829A4CE2A00A2C4F1 /* ActivityModel+CoreDataClass.swift in Sources */ = {isa = PBXBuildFile; fileRef = C2E43D6229A4CE2A00A2C4F1 /* ActivityModel+CoreDataClass.swift */; };
		C2E43D6929A4CE2A00A2C4F1 /* ActivityModel+CoreDataProperties.swift in Sources */ = {isa = PBXBuildFile; fileRef = C2E43D6329A4CE2A00A2C4F1 /* ActivityModel+CoreDataProperties.swift */; };
		C2FC1B0429AE3A050016DDB7 /* HeaderSectionView.swift in Sources */ = {isa = PBXBuildFile; fileRef = C2FC1B0329AE3A050016DDB7 /* HeaderSectionView.swift */; };
/* End PBXBuildFile section */

/* Begin PBXFileReference section */
		C22EB7F029910BD400D94463 /* AddDayView.swift */ = {isa = PBXFileReference; lastKnownFileType = sourcecode.swift; path = AddDayView.swift; sourceTree = "<group>"; };
		C22EB7F229910BEA00D94463 /* AddActivityView.swift */ = {isa = PBXFileReference; lastKnownFileType = sourcecode.swift; path = AddActivityView.swift; sourceTree = "<group>"; };
		C22EB7F729910CEB00D94463 /* PopUpViewButtonsModifier.swift */ = {isa = PBXFileReference; lastKnownFileType = sourcecode.swift; path = PopUpViewButtonsModifier.swift; sourceTree = "<group>"; };
		C22EB7F9299135EE00D94463 /* ImagePicker.swift */ = {isa = PBXFileReference; lastKnownFileType = sourcecode.swift; path = ImagePicker.swift; sourceTree = "<group>"; };
		C22EB7FB29926CB500D94463 /* AddTripView.swift */ = {isa = PBXFileReference; lastKnownFileType = sourcecode.swift; path = AddTripView.swift; sourceTree = "<group>"; };
		C22EB7FD2992792600D94463 /* PlusButtonModifier.swift */ = {isa = PBXFileReference; lastKnownFileType = sourcecode.swift; path = PlusButtonModifier.swift; sourceTree = "<group>"; };
		C22EB8022992847900D94463 /* AddViewsModifier.swift */ = {isa = PBXFileReference; lastKnownFileType = sourcecode.swift; path = AddViewsModifier.swift; sourceTree = "<group>"; };
		C22EB8042992979000D94463 /* TextFieldModifier.swift */ = {isa = PBXFileReference; lastKnownFileType = sourcecode.swift; path = TextFieldModifier.swift; sourceTree = "<group>"; };
		C22EB8082993905700D94463 /* DateExtension.swift */ = {isa = PBXFileReference; lastKnownFileType = sourcecode.swift; path = DateExtension.swift; sourceTree = "<group>"; };
		C22EB80B299395E600D94463 /* TripsData.swift */ = {isa = PBXFileReference; lastKnownFileType = sourcecode.swift; path = TripsData.swift; sourceTree = "<group>"; };
		C22EB80D2993B40500D94463 /* ViewTransitionExtension.swift */ = {isa = PBXFileReference; lastKnownFileType = sourcecode.swift; path = ViewTransitionExtension.swift; sourceTree = "<group>"; };
		C25CAF5B29AE3E5E009A35F9 /* ActivityRowView.swift */ = {isa = PBXFileReference; lastKnownFileType = sourcecode.swift; path = ActivityRowView.swift; sourceTree = "<group>"; };
		C25D8C61298D03070035B7ED /* SwiftUI+CoreData.app */ = {isa = PBXFileReference; explicitFileType = wrapper.application; includeInIndex = 0; path = "SwiftUI+CoreData.app"; sourceTree = BUILT_PRODUCTS_DIR; };
		C25D8C64298D03070035B7ED /* SwiftUI_CoreDataApp.swift */ = {isa = PBXFileReference; lastKnownFileType = sourcecode.swift; path = SwiftUI_CoreDataApp.swift; sourceTree = "<group>"; };
		C25D8C66298D03070035B7ED /* TripsView.swift */ = {isa = PBXFileReference; lastKnownFileType = sourcecode.swift; path = TripsView.swift; sourceTree = "<group>"; };
		C25D8C68298D03090035B7ED /* Assets.xcassets */ = {isa = PBXFileReference; lastKnownFileType = folder.assetcatalog; path = Assets.xcassets; sourceTree = "<group>"; };
		C25D8C6B298D03090035B7ED /* Preview Assets.xcassets */ = {isa = PBXFileReference; lastKnownFileType = folder.assetcatalog; path = "Preview Assets.xcassets"; sourceTree = "<group>"; };
		C25D8C73298D03E50035B7ED /* Color.xcassets */ = {isa = PBXFileReference; lastKnownFileType = folder.assetcatalog; path = Color.xcassets; sourceTree = "<group>"; };
		C25D8C75298D0F830035B7ED /* Oswald-Regular.ttf */ = {isa = PBXFileReference; lastKnownFileType = file; path = "Oswald-Regular.ttf"; sourceTree = "<group>"; };
		C25D8C76298D0F830035B7ED /* Bitter-Bold.ttf */ = {isa = PBXFileReference; lastKnownFileType = file; path = "Bitter-Bold.ttf"; sourceTree = "<group>"; };
		C25D8C77298D0F830035B7ED /* Lobster-Regular.ttf */ = {isa = PBXFileReference; lastKnownFileType = file; path = "Lobster-Regular.ttf"; sourceTree = "<group>"; };
		C25D8C78298D0F830035B7ED /* Bitter-Regular.ttf */ = {isa = PBXFileReference; lastKnownFileType = file; path = "Bitter-Regular.ttf"; sourceTree = "<group>"; };
		C25D8C7D298D12CD0035B7ED /* SwiftUI-CoreData-Info.plist */ = {isa = PBXFileReference; lastKnownFileType = text.plist.xml; path = "SwiftUI-CoreData-Info.plist"; sourceTree = SOURCE_ROOT; };
		C25D8C7E298D16860035B7ED /* Theme.swift */ = {isa = PBXFileReference; lastKnownFileType = sourcecode.swift; path = Theme.swift; sourceTree = "<group>"; };
		C25D8C80298D183D0035B7ED /* ActivitiesView.swift */ = {isa = PBXFileReference; lastKnownFileType = sourcecode.swift; path = ActivitiesView.swift; sourceTree = "<group>"; };
		C25D8C85298D1C100035B7ED /* SwiftUI+CoreData.xcdatamodel */ = {isa = PBXFileReference; lastKnownFileType = wrapper.xcdatamodel; path = "SwiftUI+CoreData.xcdatamodel"; sourceTree = "<group>"; };
		C25D8C93298D1F5B0035B7ED /* ActivityTypeEnum.swift */ = {isa = PBXFileReference; lastKnownFileType = sourcecode.swift; path = ActivityTypeEnum.swift; sourceTree = "<group>"; };
		C25D8C98298D20A30035B7ED /* TripFunctions.swift */ = {isa = PBXFileReference; lastKnownFileType = sourcecode.swift; path = TripFunctions.swift; sourceTree = "<group>"; };
		C25D8C9A298D20AE0035B7ED /* DayFunctions.swift */ = {isa = PBXFileReference; lastKnownFileType = sourcecode.swift; path = DayFunctions.swift; sourceTree = "<group>"; };
		C25D8C9C298D20BE0035B7ED /* ActivityFunctions.swift */ = {isa = PBXFileReference; lastKnownFileType = sourcecode.swift; path = ActivityFunctions.swift; sourceTree = "<group>"; };
		C25D8C9E298D25490035B7ED /* CoreDataStack.swift */ = {isa = PBXFileReference; lastKnownFileType = sourcecode.swift; path = CoreDataStack.swift; sourceTree = "<group>"; };
		C29B996B2993C82600441788 /* TODO.swift */ = {isa = PBXFileReference; lastKnownFileType = sourcecode.swift; path = TODO.swift; sourceTree = "<group>"; };
		C29B996D2993E7BB00441788 /* TripsListRow.swift */ = {isa = PBXFileReference; lastKnownFileType = sourcecode.swift; path = TripsListRow.swift; sourceTree = "<group>"; };
		C2E43D5C29A39DA800A2C4F1 /* ImagePickerWithCrop.swift */ = {isa = PBXFileReference; lastKnownFileType = sourcecode.swift; path = ImagePickerWithCrop.swift; sourceTree = "<group>"; };
		C2E43D5E29A4CE2A00A2C4F1 /* DayModel+CoreDataClass.swift */ = {isa = PBXFileReference; lastKnownFileType = sourcecode.swift; path = "DayModel+CoreDataClass.swift"; sourceTree = "<group>"; };
		C2E43D5F29A4CE2A00A2C4F1 /* DayModel+CoreDataProperties.swift */ = {isa = PBXFileReference; lastKnownFileType = sourcecode.swift; path = "DayModel+CoreDataProperties.swift"; sourceTree = "<group>"; };
		C2E43D6029A4CE2A00A2C4F1 /* TripModel+CoreDataClass.swift */ = {isa = PBXFileReference; lastKnownFileType = sourcecode.swift; path = "TripModel+CoreDataClass.swift"; sourceTree = "<group>"; };
		C2E43D6129A4CE2A00A2C4F1 /* TripModel+CoreDataProperties.swift */ = {isa = PBXFileReference; lastKnownFileType = sourcecode.swift; path = "TripModel+CoreDataProperties.swift"; sourceTree = "<group>"; };
		C2E43D6229A4CE2A00A2C4F1 /* ActivityModel+CoreDataClass.swift */ = {isa = PBXFileReference; lastKnownFileType = sourcecode.swift; path = "ActivityModel+CoreDataClass.swift"; sourceTree = "<group>"; };
		C2E43D6329A4CE2A00A2C4F1 /* ActivityModel+CoreDataProperties.swift */ = {isa = PBXFileReference; lastKnownFileType = sourcecode.swift; path = "ActivityModel+CoreDataProperties.swift"; sourceTree = "<group>"; };
		C2FC1B0329AE3A050016DDB7 /* HeaderSectionView.swift */ = {isa = PBXFileReference; lastKnownFileType = sourcecode.swift; path = HeaderSectionView.swift; sourceTree = "<group>"; };
/* End PBXFileReference section */

/* Begin PBXFrameworksBuildPhase section */
		C25D8C5E298D03070035B7ED /* Frameworks */ = {
			isa = PBXFrameworksBuildPhase;
			buildActionMask = 2147483647;
			files = (
			);
			runOnlyForDeploymentPostprocessing = 0;
		};
/* End PBXFrameworksBuildPhase section */

/* Begin PBXGroup section */
		C22EB7F429910C8A00D94463 /* CustomViews+Modifiers */ = {
			isa = PBXGroup;
			children = (
				C29B996F2993E96C00441788 /* CustomViews */,
				C22EB8072993902D00D94463 /* Extensions */,
				C22EB8062993900C00D94463 /* Modifiers */,
			);
			path = "CustomViews+Modifiers";
			sourceTree = "<group>";
		};
		C22EB7FF299283B300D94463 /* TripViews */ = {
			isa = PBXGroup;
			children = (
				C25D8C66298D03070035B7ED /* TripsView.swift */,
				C22EB7FB29926CB500D94463 /* AddTripView.swift */,
				C29B996D2993E7BB00441788 /* TripsListRow.swift */,
			);
			path = TripViews;
			sourceTree = "<group>";
		};
		C22EB800299283D000D94463 /* DayViews */ = {
			isa = PBXGroup;
			children = (
				C22EB7F029910BD400D94463 /* AddDayView.swift */,
			);
			path = DayViews;
			sourceTree = "<group>";
		};
		C22EB801299283DE00D94463 /* ActivityViews */ = {
			isa = PBXGroup;
			children = (
				C25D8C80298D183D0035B7ED /* ActivitiesView.swift */,
				C22EB7F229910BEA00D94463 /* AddActivityView.swift */,
				C2FC1B0329AE3A050016DDB7 /* HeaderSectionView.swift */,
				C25CAF5B29AE3E5E009A35F9 /* ActivityRowView.swift */,
			);
			path = ActivityViews;
			sourceTree = "<group>";
		};
		C22EB8062993900C00D94463 /* Modifiers */ = {
			isa = PBXGroup;
			children = (
				C22EB8042992979000D94463 /* TextFieldModifier.swift */,
				C22EB8022992847900D94463 /* AddViewsModifier.swift */,
				C22EB7FD2992792600D94463 /* PlusButtonModifier.swift */,
				C22EB7F729910CEB00D94463 /* PopUpViewButtonsModifier.swift */,
			);
			path = Modifiers;
			sourceTree = "<group>";
		};
		C22EB8072993902D00D94463 /* Extensions */ = {
			isa = PBXGroup;
			children = (
				C22EB8082993905700D94463 /* DateExtension.swift */,
				C22EB80D2993B40500D94463 /* ViewTransitionExtension.swift */,
			);
			path = Extensions;
			sourceTree = "<group>";
		};
		C22EB80A299395C600D94463 /* TripsData */ = {
			isa = PBXGroup;
			children = (
				C22EB80B299395E600D94463 /* TripsData.swift */,
			);
			path = TripsData;
			sourceTree = "<group>";
		};
		C25D8C58298D03070035B7ED = {
			isa = PBXGroup;
			children = (
				C29B996B2993C82600441788 /* TODO.swift */,
				C25D8C63298D03070035B7ED /* SwiftUI+CoreData */,
				C25D8C7D298D12CD0035B7ED /* SwiftUI-CoreData-Info.plist */,
				C25D8C62298D03070035B7ED /* Products */,
			);
			sourceTree = "<group>";
		};
		C25D8C62298D03070035B7ED /* Products */ = {
			isa = PBXGroup;
			children = (
				C25D8C61298D03070035B7ED /* SwiftUI+CoreData.app */,
			);
			name = Products;
			sourceTree = "<group>";
		};
		C25D8C63298D03070035B7ED /* SwiftUI+CoreData */ = {
			isa = PBXGroup;
			children = (
				C25D8C64298D03070035B7ED /* SwiftUI_CoreDataApp.swift */,
				C25D8C83298D1BE20035B7ED /* CoreData */,
				C25D8C72298D03BB0035B7ED /* Assets */,
				C22EB80A299395C600D94463 /* TripsData */,
				C25D8C6A298D03090035B7ED /* Preview Content */,
				C25D8C95298D1FC40035B7ED /* TripFunctions */,
				C25D8C96298D1FD00035B7ED /* DayFunctions */,
				C25D8C97298D1FDA0035B7ED /* ActivityFunctions */,
				C25D8C82298D18480035B7ED /* Views */,
				C22EB7F429910C8A00D94463 /* CustomViews+Modifiers */,
			);
			path = "SwiftUI+CoreData";
			sourceTree = "<group>";
		};
		C25D8C6A298D03090035B7ED /* Preview Content */ = {
			isa = PBXGroup;
			children = (
				C25D8C6B298D03090035B7ED /* Preview Assets.xcassets */,
			);
			path = "Preview Content";
			sourceTree = "<group>";
		};
		C25D8C72298D03BB0035B7ED /* Assets */ = {
			isa = PBXGroup;
			children = (
				C25D8C76298D0F830035B7ED /* Bitter-Bold.ttf */,
				C25D8C78298D0F830035B7ED /* Bitter-Regular.ttf */,
				C25D8C77298D0F830035B7ED /* Lobster-Regular.ttf */,
				C25D8C75298D0F830035B7ED /* Oswald-Regular.ttf */,
				C25D8C7E298D16860035B7ED /* Theme.swift */,
				C25D8C68298D03090035B7ED /* Assets.xcassets */,
				C25D8C73298D03E50035B7ED /* Color.xcassets */,
			);
			path = Assets;
			sourceTree = "<group>";
		};
		C25D8C82298D18480035B7ED /* Views */ = {
			isa = PBXGroup;
			children = (
				C22EB7FF299283B300D94463 /* TripViews */,
				C22EB800299283D000D94463 /* DayViews */,
				C22EB801299283DE00D94463 /* ActivityViews */,
			);
			path = Views;
			sourceTree = "<group>";
		};
		C25D8C83298D1BE20035B7ED /* CoreData */ = {
			isa = PBXGroup;
			children = (
				C2E43D6029A4CE2A00A2C4F1 /* TripModel+CoreDataClass.swift */,
				C2E43D6129A4CE2A00A2C4F1 /* TripModel+CoreDataProperties.swift */,
				C2E43D5E29A4CE2A00A2C4F1 /* DayModel+CoreDataClass.swift */,
				C2E43D5F29A4CE2A00A2C4F1 /* DayModel+CoreDataProperties.swift */,
				C2E43D6229A4CE2A00A2C4F1 /* ActivityModel+CoreDataClass.swift */,
				C2E43D6329A4CE2A00A2C4F1 /* ActivityModel+CoreDataProperties.swift */,
				C25D8C9E298D25490035B7ED /* CoreDataStack.swift */,
				C25D8C84298D1C100035B7ED /* SwiftUI+CoreData.xcdatamodeld */,
			);
			path = CoreData;
			sourceTree = "<group>";
		};
		C25D8C95298D1FC40035B7ED /* TripFunctions */ = {
			isa = PBXGroup;
			children = (
				C25D8C98298D20A30035B7ED /* TripFunctions.swift */,
			);
			path = TripFunctions;
			sourceTree = "<group>";
		};
		C25D8C96298D1FD00035B7ED /* DayFunctions */ = {
			isa = PBXGroup;
			children = (
				C25D8C9A298D20AE0035B7ED /* DayFunctions.swift */,
			);
			path = DayFunctions;
			sourceTree = "<group>";
		};
		C25D8C97298D1FDA0035B7ED /* ActivityFunctions */ = {
			isa = PBXGroup;
			children = (
				C25D8C93298D1F5B0035B7ED /* ActivityTypeEnum.swift */,
				C25D8C9C298D20BE0035B7ED /* ActivityFunctions.swift */,
			);
			path = ActivityFunctions;
			sourceTree = "<group>";
		};
		C29B996F2993E96C00441788 /* CustomViews */ = {
			isa = PBXGroup;
			children = (
				C22EB7F9299135EE00D94463 /* ImagePicker.swift */,
				C2E43D5C29A39DA800A2C4F1 /* ImagePickerWithCrop.swift */,
			);
			path = CustomViews;
			sourceTree = "<group>";
		};
/* End PBXGroup section */

/* Begin PBXNativeTarget section */
		C25D8C60298D03070035B7ED /* SwiftUI+CoreData */ = {
			isa = PBXNativeTarget;
			buildConfigurationList = C25D8C6F298D03090035B7ED /* Build configuration list for PBXNativeTarget "SwiftUI+CoreData" */;
			buildPhases = (
				C25D8C5D298D03070035B7ED /* Sources */,
				C25D8C5E298D03070035B7ED /* Frameworks */,
				C25D8C5F298D03070035B7ED /* Resources */,
			);
			buildRules = (
			);
			dependencies = (
			);
			name = "SwiftUI+CoreData";
			productName = "SwiftUI+CoreData";
			productReference = C25D8C61298D03070035B7ED /* SwiftUI+CoreData.app */;
			productType = "com.apple.product-type.application";
		};
/* End PBXNativeTarget section */

/* Begin PBXProject section */
		C25D8C59298D03070035B7ED /* Project object */ = {
			isa = PBXProject;
			attributes = {
				BuildIndependentTargetsInParallel = 1;
				LastSwiftUpdateCheck = 1420;
				LastUpgradeCheck = 1420;
				TargetAttributes = {
					C25D8C60298D03070035B7ED = {
						CreatedOnToolsVersion = 14.2;
					};
				};
			};
			buildConfigurationList = C25D8C5C298D03070035B7ED /* Build configuration list for PBXProject "SwiftUI+CoreData" */;
			compatibilityVersion = "Xcode 14.0";
			developmentRegion = en;
			hasScannedForEncodings = 0;
			knownRegions = (
				en,
				Base,
			);
			mainGroup = C25D8C58298D03070035B7ED;
			productRefGroup = C25D8C62298D03070035B7ED /* Products */;
			projectDirPath = "";
			projectRoot = "";
			targets = (
				C25D8C60298D03070035B7ED /* SwiftUI+CoreData */,
			);
		};
/* End PBXProject section */

/* Begin PBXResourcesBuildPhase section */
		C25D8C5F298D03070035B7ED /* Resources */ = {
			isa = PBXResourcesBuildPhase;
			buildActionMask = 2147483647;
			files = (
				C25D8C6C298D03090035B7ED /* Preview Assets.xcassets in Resources */,
				C25D8C7B298D0F830035B7ED /* Lobster-Regular.ttf in Resources */,
				C25D8C7A298D0F830035B7ED /* Bitter-Bold.ttf in Resources */,
				C25D8C69298D03090035B7ED /* Assets.xcassets in Resources */,
				C25D8C74298D03E50035B7ED /* Color.xcassets in Resources */,
				C25D8C7C298D0F830035B7ED /* Bitter-Regular.ttf in Resources */,
				C25D8C79298D0F830035B7ED /* Oswald-Regular.ttf in Resources */,
			);
			runOnlyForDeploymentPostprocessing = 0;
		};
/* End PBXResourcesBuildPhase section */

/* Begin PBXSourcesBuildPhase section */
		C25D8C5D298D03070035B7ED /* Sources */ = {
			isa = PBXSourcesBuildPhase;
			buildActionMask = 2147483647;
			files = (
				C2E43D6829A4CE2A00A2C4F1 /* ActivityModel+CoreDataClass.swift in Sources */,
				C25D8C9B298D20AE0035B7ED /* DayFunctions.swift in Sources */,
				C2E43D6929A4CE2A00A2C4F1 /* ActivityModel+CoreDataProperties.swift in Sources */,
				C25D8C9D298D20BE0035B7ED /* ActivityFunctions.swift in Sources */,
				C22EB80C299395E600D94463 /* TripsData.swift in Sources */,
				C29B996E2993E7BB00441788 /* TripsListRow.swift in Sources */,
				C25D8C7F298D16870035B7ED /* Theme.swift in Sources */,
				C22EB7FC29926CB500D94463 /* AddTripView.swift in Sources */,
				C2E43D6429A4CE2A00A2C4F1 /* DayModel+CoreDataClass.swift in Sources */,
				C2E43D5D29A39DA800A2C4F1 /* ImagePickerWithCrop.swift in Sources */,
				C22EB8032992847900D94463 /* AddViewsModifier.swift in Sources */,
				C22EB7FA299135EE00D94463 /* ImagePicker.swift in Sources */,
				C2E43D6629A4CE2A00A2C4F1 /* TripModel+CoreDataClass.swift in Sources */,
				C25D8C67298D03070035B7ED /* TripsView.swift in Sources */,
				C22EB7F129910BD400D94463 /* AddDayView.swift in Sources */,
				C22EB7FE2992792600D94463 /* PlusButtonModifier.swift in Sources */,
				C22EB8092993905700D94463 /* DateExtension.swift in Sources */,
				C2E43D6529A4CE2A00A2C4F1 /* DayModel+CoreDataProperties.swift in Sources */,
				C2E43D6729A4CE2A00A2C4F1 /* TripModel+CoreDataProperties.swift in Sources */,
				C2FC1B0429AE3A050016DDB7 /* HeaderSectionView.swift in Sources */,
				C25D8C9F298D25490035B7ED /* CoreDataStack.swift in Sources */,
				C25CAF5C29AE3E5E009A35F9 /* ActivityRowView.swift in Sources */,
				C22EB80E2993B40500D94463 /* ViewTransitionExtension.swift in Sources */,
				C25D8C65298D03070035B7ED /* SwiftUI_CoreDataApp.swift in Sources */,
				C25D8C99298D20A30035B7ED /* TripFunctions.swift in Sources */,
				C25D8C86298D1C100035B7ED /* SwiftUI+CoreData.xcdatamodeld in Sources */,
				C22EB8052992979000D94463 /* TextFieldModifier.swift in Sources */,
				C25D8C94298D1F5B0035B7ED /* ActivityTypeEnum.swift in Sources */,
				C22EB7F829910CEB00D94463 /* PopUpViewButtonsModifier.swift in Sources */,
				C22EB7F329910BEA00D94463 /* AddActivityView.swift in Sources */,
				C25D8C81298D183D0035B7ED /* ActivitiesView.swift in Sources */,
				C29B996C2993C82600441788 /* TODO.swift in Sources */,
			);
			runOnlyForDeploymentPostprocessing = 0;
		};
/* End PBXSourcesBuildPhase section */

/* Begin XCBuildConfiguration section */
		C25D8C6D298D03090035B7ED /* Debug */ = {
			isa = XCBuildConfiguration;
			buildSettings = {
				ALWAYS_SEARCH_USER_PATHS = NO;
				CLANG_ANALYZER_NONNULL = YES;
				CLANG_ANALYZER_NUMBER_OBJECT_CONVERSION = YES_AGGRESSIVE;
				CLANG_CXX_LANGUAGE_STANDARD = "gnu++20";
				CLANG_ENABLE_MODULES = YES;
				CLANG_ENABLE_OBJC_ARC = YES;
				CLANG_ENABLE_OBJC_WEAK = YES;
				CLANG_WARN_BLOCK_CAPTURE_AUTORELEASING = YES;
				CLANG_WARN_BOOL_CONVERSION = YES;
				CLANG_WARN_COMMA = YES;
				CLANG_WARN_CONSTANT_CONVERSION = YES;
				CLANG_WARN_DEPRECATED_OBJC_IMPLEMENTATIONS = YES;
				CLANG_WARN_DIRECT_OBJC_ISA_USAGE = YES_ERROR;
				CLANG_WARN_DOCUMENTATION_COMMENTS = YES;
				CLANG_WARN_EMPTY_BODY = YES;
				CLANG_WARN_ENUM_CONVERSION = YES;
				CLANG_WARN_INFINITE_RECURSION = YES;
				CLANG_WARN_INT_CONVERSION = YES;
				CLANG_WARN_NON_LITERAL_NULL_CONVERSION = YES;
				CLANG_WARN_OBJC_IMPLICIT_RETAIN_SELF = YES;
				CLANG_WARN_OBJC_LITERAL_CONVERSION = YES;
				CLANG_WARN_OBJC_ROOT_CLASS = YES_ERROR;
				CLANG_WARN_QUOTED_INCLUDE_IN_FRAMEWORK_HEADER = YES;
				CLANG_WARN_RANGE_LOOP_ANALYSIS = YES;
				CLANG_WARN_STRICT_PROTOTYPES = YES;
				CLANG_WARN_SUSPICIOUS_MOVE = YES;
				CLANG_WARN_UNGUARDED_AVAILABILITY = YES_AGGRESSIVE;
				CLANG_WARN_UNREACHABLE_CODE = YES;
				CLANG_WARN__DUPLICATE_METHOD_MATCH = YES;
				COPY_PHASE_STRIP = NO;
				DEBUG_INFORMATION_FORMAT = dwarf;
				ENABLE_STRICT_OBJC_MSGSEND = YES;
				ENABLE_TESTABILITY = YES;
				GCC_C_LANGUAGE_STANDARD = gnu11;
				GCC_DYNAMIC_NO_PIC = NO;
				GCC_NO_COMMON_BLOCKS = YES;
				GCC_OPTIMIZATION_LEVEL = 0;
				GCC_PREPROCESSOR_DEFINITIONS = (
					"DEBUG=1",
					"$(inherited)",
				);
				GCC_WARN_64_TO_32_BIT_CONVERSION = YES;
				GCC_WARN_ABOUT_RETURN_TYPE = YES_ERROR;
				GCC_WARN_UNDECLARED_SELECTOR = YES;
				GCC_WARN_UNINITIALIZED_AUTOS = YES_AGGRESSIVE;
				GCC_WARN_UNUSED_FUNCTION = YES;
				GCC_WARN_UNUSED_VARIABLE = YES;
				IPHONEOS_DEPLOYMENT_TARGET = 16.0;
				MTL_ENABLE_DEBUG_INFO = INCLUDE_SOURCE;
				MTL_FAST_MATH = YES;
				ONLY_ACTIVE_ARCH = YES;
				SDKROOT = iphoneos;
				SWIFT_ACTIVE_COMPILATION_CONDITIONS = DEBUG;
				SWIFT_OPTIMIZATION_LEVEL = "-Onone";
			};
			name = Debug;
		};
		C25D8C6E298D03090035B7ED /* Release */ = {
			isa = XCBuildConfiguration;
			buildSettings = {
				ALWAYS_SEARCH_USER_PATHS = NO;
				CLANG_ANALYZER_NONNULL = YES;
				CLANG_ANALYZER_NUMBER_OBJECT_CONVERSION = YES_AGGRESSIVE;
				CLANG_CXX_LANGUAGE_STANDARD = "gnu++20";
				CLANG_ENABLE_MODULES = YES;
				CLANG_ENABLE_OBJC_ARC = YES;
				CLANG_ENABLE_OBJC_WEAK = YES;
				CLANG_WARN_BLOCK_CAPTURE_AUTORELEASING = YES;
				CLANG_WARN_BOOL_CONVERSION = YES;
				CLANG_WARN_COMMA = YES;
				CLANG_WARN_CONSTANT_CONVERSION = YES;
				CLANG_WARN_DEPRECATED_OBJC_IMPLEMENTATIONS = YES;
				CLANG_WARN_DIRECT_OBJC_ISA_USAGE = YES_ERROR;
				CLANG_WARN_DOCUMENTATION_COMMENTS = YES;
				CLANG_WARN_EMPTY_BODY = YES;
				CLANG_WARN_ENUM_CONVERSION = YES;
				CLANG_WARN_INFINITE_RECURSION = YES;
				CLANG_WARN_INT_CONVERSION = YES;
				CLANG_WARN_NON_LITERAL_NULL_CONVERSION = YES;
				CLANG_WARN_OBJC_IMPLICIT_RETAIN_SELF = YES;
				CLANG_WARN_OBJC_LITERAL_CONVERSION = YES;
				CLANG_WARN_OBJC_ROOT_CLASS = YES_ERROR;
				CLANG_WARN_QUOTED_INCLUDE_IN_FRAMEWORK_HEADER = YES;
				CLANG_WARN_RANGE_LOOP_ANALYSIS = YES;
				CLANG_WARN_STRICT_PROTOTYPES = YES;
				CLANG_WARN_SUSPICIOUS_MOVE = YES;
				CLANG_WARN_UNGUARDED_AVAILABILITY = YES_AGGRESSIVE;
				CLANG_WARN_UNREACHABLE_CODE = YES;
				CLANG_WARN__DUPLICATE_METHOD_MATCH = YES;
				COPY_PHASE_STRIP = NO;
				DEBUG_INFORMATION_FORMAT = "dwarf-with-dsym";
				ENABLE_NS_ASSERTIONS = NO;
				ENABLE_STRICT_OBJC_MSGSEND = YES;
				GCC_C_LANGUAGE_STANDARD = gnu11;
				GCC_NO_COMMON_BLOCKS = YES;
				GCC_WARN_64_TO_32_BIT_CONVERSION = YES;
				GCC_WARN_ABOUT_RETURN_TYPE = YES_ERROR;
				GCC_WARN_UNDECLARED_SELECTOR = YES;
				GCC_WARN_UNINITIALIZED_AUTOS = YES_AGGRESSIVE;
				GCC_WARN_UNUSED_FUNCTION = YES;
				GCC_WARN_UNUSED_VARIABLE = YES;
				IPHONEOS_DEPLOYMENT_TARGET = 16.0;
				MTL_ENABLE_DEBUG_INFO = NO;
				MTL_FAST_MATH = YES;
				SDKROOT = iphoneos;
				SWIFT_COMPILATION_MODE = wholemodule;
				SWIFT_OPTIMIZATION_LEVEL = "-O";
				VALIDATE_PRODUCT = YES;
			};
			name = Release;
		};
		C25D8C70298D03090035B7ED /* Debug */ = {
			isa = XCBuildConfiguration;
			buildSettings = {
				ASSETCATALOG_COMPILER_APPICON_NAME = AppIcon;
				ASSETCATALOG_COMPILER_GLOBAL_ACCENT_COLOR_NAME = AccentColor;
				CODE_SIGN_STYLE = Automatic;
				CURRENT_PROJECT_VERSION = 1;
				DEVELOPMENT_ASSET_PATHS = "\"SwiftUI+CoreData/Preview Content\"";
				DEVELOPMENT_TEAM = C3M56A453W;
				ENABLE_PREVIEWS = YES;
				GENERATE_INFOPLIST_FILE = YES;
				INFOPLIST_FILE = "SwiftUI-CoreData-Info.plist";
				INFOPLIST_KEY_UIApplicationSupportsIndirectInputEvents = YES;
				INFOPLIST_KEY_UILaunchScreen_Generation = YES;
				INFOPLIST_KEY_UISupportedInterfaceOrientations = UIInterfaceOrientationPortrait;
				INFOPLIST_KEY_UISupportedInterfaceOrientations_iPad = "UIInterfaceOrientationLandscapeLeft UIInterfaceOrientationLandscapeRight UIInterfaceOrientationPortrait UIInterfaceOrientationPortraitUpsideDown";
				IPHONEOS_DEPLOYMENT_TARGET = 16.0;
				LD_RUNPATH_SEARCH_PATHS = (
					"$(inherited)",
					"@executable_path/Frameworks",
				);
				MARKETING_VERSION = 1.0.0;
				PRODUCT_BUNDLE_IDENTIFIER = "online.swampios.SwiftUI-CoreData";
				PRODUCT_NAME = "$(TARGET_NAME)";
				SUPPORTED_PLATFORMS = "iphoneos iphonesimulator";
				SUPPORTS_MACCATALYST = NO;
				SUPPORTS_MAC_DESIGNED_FOR_IPHONE_IPAD = NO;
				SWIFT_EMIT_LOC_STRINGS = YES;
				SWIFT_VERSION = 5.0;
				TARGETED_DEVICE_FAMILY = 1;
			};
			name = Debug;
		};
		C25D8C71298D03090035B7ED /* Release */ = {
			isa = XCBuildConfiguration;
			buildSettings = {
				ASSETCATALOG_COMPILER_APPICON_NAME = AppIcon;
				ASSETCATALOG_COMPILER_GLOBAL_ACCENT_COLOR_NAME = AccentColor;
				CODE_SIGN_STYLE = Automatic;
				CURRENT_PROJECT_VERSION = 1;
				DEVELOPMENT_ASSET_PATHS = "\"SwiftUI+CoreData/Preview Content\"";
				DEVELOPMENT_TEAM = C3M56A453W;
				ENABLE_PREVIEWS = YES;
				GENERATE_INFOPLIST_FILE = YES;
				INFOPLIST_FILE = "SwiftUI-CoreData-Info.plist";
				INFOPLIST_KEY_UIApplicationSupportsIndirectInputEvents = YES;
				INFOPLIST_KEY_UILaunchScreen_Generation = YES;
				INFOPLIST_KEY_UISupportedInterfaceOrientations = UIInterfaceOrientationPortrait;
				INFOPLIST_KEY_UISupportedInterfaceOrientations_iPad = "UIInterfaceOrientationLandscapeLeft UIInterfaceOrientationLandscapeRight UIInterfaceOrientationPortrait UIInterfaceOrientationPortraitUpsideDown";
				IPHONEOS_DEPLOYMENT_TARGET = 16.0;
				LD_RUNPATH_SEARCH_PATHS = (
					"$(inherited)",
					"@executable_path/Frameworks",
				);
				MARKETING_VERSION = 1.0.0;
				PRODUCT_BUNDLE_IDENTIFIER = "online.swampios.SwiftUI-CoreData";
				PRODUCT_NAME = "$(TARGET_NAME)";
				SUPPORTED_PLATFORMS = "iphoneos iphonesimulator";
				SUPPORTS_MACCATALYST = NO;
				SUPPORTS_MAC_DESIGNED_FOR_IPHONE_IPAD = NO;
				SWIFT_EMIT_LOC_STRINGS = YES;
				SWIFT_VERSION = 5.0;
				TARGETED_DEVICE_FAMILY = 1;
			};
			name = Release;
		};
/* End XCBuildConfiguration section */

/* Begin XCConfigurationList section */
		C25D8C5C298D03070035B7ED /* Build configuration list for PBXProject "SwiftUI+CoreData" */ = {
			isa = XCConfigurationList;
			buildConfigurations = (
				C25D8C6D298D03090035B7ED /* Debug */,
				C25D8C6E298D03090035B7ED /* Release */,
			);
			defaultConfigurationIsVisible = 0;
			defaultConfigurationName = Release;
		};
		C25D8C6F298D03090035B7ED /* Build configuration list for PBXNativeTarget "SwiftUI+CoreData" */ = {
			isa = XCConfigurationList;
			buildConfigurations = (
				C25D8C70298D03090035B7ED /* Debug */,
				C25D8C71298D03090035B7ED /* Release */,
			);
			defaultConfigurationIsVisible = 0;
			defaultConfigurationName = Release;
		};
/* End XCConfigurationList section */

/* Begin XCVersionGroup section */
		C25D8C84298D1C100035B7ED /* SwiftUI+CoreData.xcdatamodeld */ = {
			isa = XCVersionGroup;
			children = (
				C25D8C85298D1C100035B7ED /* SwiftUI+CoreData.xcdatamodel */,
			);
			currentVersion = C25D8C85298D1C100035B7ED /* SwiftUI+CoreData.xcdatamodel */;
			path = "SwiftUI+CoreData.xcdatamodeld";
			sourceTree = "<group>";
			versionGroupType = wrapper.xcdatamodel;
		};
/* End XCVersionGroup section */
	};
	rootObject = C25D8C59298D03070035B7ED /* Project object */;
}
